
Microsoft Visual Studio Solution File, Format Version 12.00
# Visual Studio 15
VisualStudioVersion = 15.0.28307.421
MinimumVisualStudioVersion = 10.0.40219.1
Project("{FAE04EC0-301F-11D3-BF4B-00C04F79EFBC}") = "Projeto_Loja", "index\Projeto_Loja.csproj", "{1C5D1100-1579-4554-86E1-E03E52051C29}"
EndProject
Global
	GlobalSection(SolutionConfigurationPlatforms) = preSolution
		Debug|Any CPU = Debug|Any CPU
		Release|Any CPU = Release|Any CPU
	EndGlobalSection
	GlobalSection(ProjectConfigurationPlatforms) = postSolution
		{1C5D1100-1579-4554-86E1-E03E52051C29}.Debug|Any CPU.ActiveCfg = Debug|Any CPU
		{1C5D1100-1579-4554-86E1-E03E52051C29}.Debug|Any CPU.Build.0 = Debug|Any CPU
		{1C5D1100-1579-4554-86E1-E03E52051C29}.Release|Any CPU.ActiveCfg = Release|Any CPU
		{1C5D1100-1579-4554-86E1-E03E52051C29}.Release|Any CPU.Build.0 = Release|Any CPU
	EndGlobalSection
	GlobalSection(SolutionProperties) = preSolution
		HideSolutionNode = FALSE
	EndGlobalSection
	GlobalSection(ExtensibilityGlobals) = postSolution
		SolutionGuid = {AEE3A0B3-6C7E-41FE-BC2E-BA301614FB35}
	EndGlobalSection
EndGlobal
